
Microsoft Visual Studio Solution File, Format Version 10.00
# Visual Studio 2008
Project("{FAE04EC0-301F-11D3-BF4B-00C04F79EFBC}") = "异常处理", "异常处理\异常处理.csproj", "{8940F911-AB8E-41DA-BBE2-065E48350616}"
EndProject
Global
	GlobalSection(SolutionConfigurationPlatforms) = preSolution
		Debug|Any CPU = Debug|Any CPU
		Release|Any CPU = Release|Any CPU
	EndGlobalSection
	GlobalSection(ProjectConfigurationPlatforms) = postSolution
		{8940F911-AB8E-41DA-BBE2-065E48350616}.Debug|Any CPU.ActiveCfg = Debug|Any CPU
		{8940F911-AB8E-41DA-BBE2-065E48350616}.Debug|Any CPU.Build.0 = Debug|Any CPU
		{8940F911-AB8E-41DA-BBE2-065E48350616}.Release|Any CPU.ActiveCfg = Release|Any CPU
		{8940F911-AB8E-41DA-BBE2-065E48350616}.Release|Any CPU.Build.0 = Release|Any CPU
	EndGlobalSection
	GlobalSection(SolutionProperties) = preSolution
		HideSolutionNode = FALSE
	EndGlobalSection
EndGlobal
