
Microsoft Visual Studio Solution File, Format Version 10.00
# Visual Studio 2008
Project("{FAE04EC0-301F-11D3-BF4B-00C04F79EFBC}") = "test", "test\test.csproj", "{EDEF00E0-3042-4EDE-9715-F2238BB2B457}"
EndProject
Global
	GlobalSection(SolutionConfigurationPlatforms) = preSolution
		Debug|Any CPU = Debug|Any CPU
		Release|Any CPU = Release|Any CPU
	EndGlobalSection
	GlobalSection(ProjectConfigurationPlatforms) = postSolution
		{EDEF00E0-3042-4EDE-9715-F2238BB2B457}.Debug|Any CPU.ActiveCfg = Debug|Any CPU
		{EDEF00E0-3042-4EDE-9715-F2238BB2B457}.Debug|Any CPU.Build.0 = Debug|Any CPU
		{EDEF00E0-3042-4EDE-9715-F2238BB2B457}.Release|Any CPU.ActiveCfg = Release|Any CPU
		{EDEF00E0-3042-4EDE-9715-F2238BB2B457}.Release|Any CPU.Build.0 = Release|Any CPU
	EndGlobalSection
	GlobalSection(SolutionProperties) = preSolution
		HideSolutionNode = FALSE
	EndGlobalSection
EndGlobal
