
Microsoft Visual Studio Solution File, Format Version 10.00
# Visual Studio 2008
Project("{FAE04EC0-301F-11D3-BF4B-00C04F79EFBC}") = "Interface_Test2", "Interface_Test2\Interface_Test2.csproj", "{8B56CA45-48AA-4D05-87A3-F8E6FEAAE27B}"
EndProject
Global
	GlobalSection(SolutionConfigurationPlatforms) = preSolution
		Debug|Any CPU = Debug|Any CPU
		Release|Any CPU = Release|Any CPU
	EndGlobalSection
	GlobalSection(ProjectConfigurationPlatforms) = postSolution
		{8B56CA45-48AA-4D05-87A3-F8E6FEAAE27B}.Debug|Any CPU.ActiveCfg = Debug|Any CPU
		{8B56CA45-48AA-4D05-87A3-F8E6FEAAE27B}.Debug|Any CPU.Build.0 = Debug|Any CPU
		{8B56CA45-48AA-4D05-87A3-F8E6FEAAE27B}.Release|Any CPU.ActiveCfg = Release|Any CPU
		{8B56CA45-48AA-4D05-87A3-F8E6FEAAE27B}.Release|Any CPU.Build.0 = Release|Any CPU
	EndGlobalSection
	GlobalSection(SolutionProperties) = preSolution
		HideSolutionNode = FALSE
	EndGlobalSection
EndGlobal
