
Microsoft Visual Studio Solution File, Format Version 10.00
# Visual Studio 2008
Project("{FAE04EC0-301F-11D3-BF4B-00C04F79EFBC}") = "modifier private", "modifier private\modifier private.csproj", "{5965BDE1-F933-40A7-823D-3B200AAE434E}"
EndProject
Global
	GlobalSection(SolutionConfigurationPlatforms) = preSolution
		Debug|Any CPU = Debug|Any CPU
		Release|Any CPU = Release|Any CPU
	EndGlobalSection
	GlobalSection(ProjectConfigurationPlatforms) = postSolution
		{5965BDE1-F933-40A7-823D-3B200AAE434E}.Debug|Any CPU.ActiveCfg = Debug|Any CPU
		{5965BDE1-F933-40A7-823D-3B200AAE434E}.Debug|Any CPU.Build.0 = Debug|Any CPU
		{5965BDE1-F933-40A7-823D-3B200AAE434E}.Release|Any CPU.ActiveCfg = Release|Any CPU
		{5965BDE1-F933-40A7-823D-3B200AAE434E}.Release|Any CPU.Build.0 = Release|Any CPU
	EndGlobalSection
	GlobalSection(SolutionProperties) = preSolution
		HideSolutionNode = FALSE
	EndGlobalSection
EndGlobal
