
Microsoft Visual Studio Solution File, Format Version 10.00
# Visual Studio 2008
Project("{FAE04EC0-301F-11D3-BF4B-00C04F79EFBC}") = "Object class", "Object class\Object class.csproj", "{7ECFBA7D-69A3-445E-BBE3-D9CBB86E1143}"
EndProject
Global
	GlobalSection(SolutionConfigurationPlatforms) = preSolution
		Debug|Any CPU = Debug|Any CPU
		Release|Any CPU = Release|Any CPU
	EndGlobalSection
	GlobalSection(ProjectConfigurationPlatforms) = postSolution
		{7ECFBA7D-69A3-445E-BBE3-D9CBB86E1143}.Debug|Any CPU.ActiveCfg = Debug|Any CPU
		{7ECFBA7D-69A3-445E-BBE3-D9CBB86E1143}.Debug|Any CPU.Build.0 = Debug|Any CPU
		{7ECFBA7D-69A3-445E-BBE3-D9CBB86E1143}.Release|Any CPU.ActiveCfg = Release|Any CPU
		{7ECFBA7D-69A3-445E-BBE3-D9CBB86E1143}.Release|Any CPU.Build.0 = Release|Any CPU
	EndGlobalSection
	GlobalSection(SolutionProperties) = preSolution
		HideSolutionNode = FALSE
	EndGlobalSection
EndGlobal
