
Microsoft Visual Studio Solution File, Format Version 10.00
# Visual Studio 2008
Project("{FAE04EC0-301F-11D3-BF4B-00C04F79EFBC}") = "string input", "string input\string input.csproj", "{F2C9A3AC-F219-4719-8618-B5290A8F861E}"
EndProject
Global
	GlobalSection(SolutionConfigurationPlatforms) = preSolution
		Debug|Any CPU = Debug|Any CPU
		Release|Any CPU = Release|Any CPU
	EndGlobalSection
	GlobalSection(ProjectConfigurationPlatforms) = postSolution
		{F2C9A3AC-F219-4719-8618-B5290A8F861E}.Debug|Any CPU.ActiveCfg = Debug|Any CPU
		{F2C9A3AC-F219-4719-8618-B5290A8F861E}.Debug|Any CPU.Build.0 = Debug|Any CPU
		{F2C9A3AC-F219-4719-8618-B5290A8F861E}.Release|Any CPU.ActiveCfg = Release|Any CPU
		{F2C9A3AC-F219-4719-8618-B5290A8F861E}.Release|Any CPU.Build.0 = Release|Any CPU
	EndGlobalSection
	GlobalSection(SolutionProperties) = preSolution
		HideSolutionNode = FALSE
	EndGlobalSection
EndGlobal
