
Microsoft Visual Studio Solution File, Format Version 10.00
# Visual Studio 2008
Project("{FAE04EC0-301F-11D3-BF4B-00C04F79EFBC}") = "override constuctor function", "override constuctor function\override constuctor function.csproj", "{AEC4D0BF-6396-41ED-89B4-6BA23D15F2A9}"
EndProject
Global
	GlobalSection(SolutionConfigurationPlatforms) = preSolution
		Debug|Any CPU = Debug|Any CPU
		Release|Any CPU = Release|Any CPU
	EndGlobalSection
	GlobalSection(ProjectConfigurationPlatforms) = postSolution
		{AEC4D0BF-6396-41ED-89B4-6BA23D15F2A9}.Debug|Any CPU.ActiveCfg = Debug|Any CPU
		{AEC4D0BF-6396-41ED-89B4-6BA23D15F2A9}.Debug|Any CPU.Build.0 = Debug|Any CPU
		{AEC4D0BF-6396-41ED-89B4-6BA23D15F2A9}.Release|Any CPU.ActiveCfg = Release|Any CPU
		{AEC4D0BF-6396-41ED-89B4-6BA23D15F2A9}.Release|Any CPU.Build.0 = Release|Any CPU
	EndGlobalSection
	GlobalSection(SolutionProperties) = preSolution
		HideSolutionNode = FALSE
	EndGlobalSection
EndGlobal
