
Microsoft Visual Studio Solution File, Format Version 10.00
# Visual Studio 2008
Project("{FAE04EC0-301F-11D3-BF4B-00C04F79EFBC}") = "function globle variable", "function globle variable\function globle variable.csproj", "{AA57AE00-B67C-4495-9DBA-54C7D43410E4}"
EndProject
Global
	GlobalSection(SolutionConfigurationPlatforms) = preSolution
		Debug|Any CPU = Debug|Any CPU
		Release|Any CPU = Release|Any CPU
	EndGlobalSection
	GlobalSection(ProjectConfigurationPlatforms) = postSolution
		{AA57AE00-B67C-4495-9DBA-54C7D43410E4}.Debug|Any CPU.ActiveCfg = Debug|Any CPU
		{AA57AE00-B67C-4495-9DBA-54C7D43410E4}.Debug|Any CPU.Build.0 = Debug|Any CPU
		{AA57AE00-B67C-4495-9DBA-54C7D43410E4}.Release|Any CPU.ActiveCfg = Release|Any CPU
		{AA57AE00-B67C-4495-9DBA-54C7D43410E4}.Release|Any CPU.Build.0 = Release|Any CPU
	EndGlobalSection
	GlobalSection(SolutionProperties) = preSolution
		HideSolutionNode = FALSE
	EndGlobalSection
EndGlobal
