
Microsoft Visual Studio Solution File, Format Version 10.00
# Visual Studio 2008
Project("{FAE04EC0-301F-11D3-BF4B-00C04F79EFBC}") = "delegate 2", "delegate 2\delegate 2.csproj", "{B3558A0E-19F0-4C68-BD6C-F247A28D896B}"
EndProject
Global
	GlobalSection(SolutionConfigurationPlatforms) = preSolution
		Debug|Any CPU = Debug|Any CPU
		Release|Any CPU = Release|Any CPU
	EndGlobalSection
	GlobalSection(ProjectConfigurationPlatforms) = postSolution
		{B3558A0E-19F0-4C68-BD6C-F247A28D896B}.Debug|Any CPU.ActiveCfg = Debug|Any CPU
		{B3558A0E-19F0-4C68-BD6C-F247A28D896B}.Debug|Any CPU.Build.0 = Debug|Any CPU
		{B3558A0E-19F0-4C68-BD6C-F247A28D896B}.Release|Any CPU.ActiveCfg = Release|Any CPU
		{B3558A0E-19F0-4C68-BD6C-F247A28D896B}.Release|Any CPU.Build.0 = Release|Any CPU
	EndGlobalSection
	GlobalSection(SolutionProperties) = preSolution
		HideSolutionNode = FALSE
	EndGlobalSection
EndGlobal
