
Microsoft Visual Studio Solution File, Format Version 12.00
# Visual Studio 14
VisualStudioVersion = 14.0.23107.0
MinimumVisualStudioVersion = 10.0.40219.1
Project("{FAE04EC0-301F-11D3-BF4B-00C04F79EFBC}") = "数据类型5", "数据类型5\数据类型5.csproj", "{CEA90BB0-F910-43A4-B608-0856DE5DCFFB}"
EndProject
Global
	GlobalSection(SolutionConfigurationPlatforms) = preSolution
		Debug|Any CPU = Debug|Any CPU
		Release|Any CPU = Release|Any CPU
	EndGlobalSection
	GlobalSection(ProjectConfigurationPlatforms) = postSolution
		{CEA90BB0-F910-43A4-B608-0856DE5DCFFB}.Debug|Any CPU.ActiveCfg = Debug|Any CPU
		{CEA90BB0-F910-43A4-B608-0856DE5DCFFB}.Debug|Any CPU.Build.0 = Debug|Any CPU
		{CEA90BB0-F910-43A4-B608-0856DE5DCFFB}.Release|Any CPU.ActiveCfg = Release|Any CPU
		{CEA90BB0-F910-43A4-B608-0856DE5DCFFB}.Release|Any CPU.Build.0 = Release|Any CPU
	EndGlobalSection
	GlobalSection(SolutionProperties) = preSolution
		HideSolutionNode = FALSE
	EndGlobalSection
EndGlobal
