
Microsoft Visual Studio Solution File, Format Version 10.00
# Visual Studio 2008
Project("{FAE04EC0-301F-11D3-BF4B-00C04F79EFBC}") = "Override 2", "Override 2\Override 2.csproj", "{9B78144B-D118-4BCE-8A8B-30C53ECC19BA}"
EndProject
Global
	GlobalSection(SolutionConfigurationPlatforms) = preSolution
		Debug|Any CPU = Debug|Any CPU
		Release|Any CPU = Release|Any CPU
	EndGlobalSection
	GlobalSection(ProjectConfigurationPlatforms) = postSolution
		{9B78144B-D118-4BCE-8A8B-30C53ECC19BA}.Debug|Any CPU.ActiveCfg = Debug|Any CPU
		{9B78144B-D118-4BCE-8A8B-30C53ECC19BA}.Debug|Any CPU.Build.0 = Debug|Any CPU
		{9B78144B-D118-4BCE-8A8B-30C53ECC19BA}.Release|Any CPU.ActiveCfg = Release|Any CPU
		{9B78144B-D118-4BCE-8A8B-30C53ECC19BA}.Release|Any CPU.Build.0 = Release|Any CPU
	EndGlobalSection
	GlobalSection(SolutionProperties) = preSolution
		HideSolutionNode = FALSE
	EndGlobalSection
EndGlobal
