
Microsoft Visual Studio Solution File, Format Version 10.00
# Visual Studio 2008
Project("{FAE04EC0-301F-11D3-BF4B-00C04F79EFBC}") = "Abstract_Class1", "Abstract_Class1\Abstract_Class1.csproj", "{372B1F54-4978-4C7B-878E-0085DDF2CC2A}"
EndProject
Global
	GlobalSection(SolutionConfigurationPlatforms) = preSolution
		Debug|Any CPU = Debug|Any CPU
		Release|Any CPU = Release|Any CPU
	EndGlobalSection
	GlobalSection(ProjectConfigurationPlatforms) = postSolution
		{372B1F54-4978-4C7B-878E-0085DDF2CC2A}.Debug|Any CPU.ActiveCfg = Debug|Any CPU
		{372B1F54-4978-4C7B-878E-0085DDF2CC2A}.Debug|Any CPU.Build.0 = Debug|Any CPU
		{372B1F54-4978-4C7B-878E-0085DDF2CC2A}.Release|Any CPU.ActiveCfg = Release|Any CPU
		{372B1F54-4978-4C7B-878E-0085DDF2CC2A}.Release|Any CPU.Build.0 = Release|Any CPU
	EndGlobalSection
	GlobalSection(SolutionProperties) = preSolution
		HideSolutionNode = FALSE
	EndGlobalSection
EndGlobal
