
Microsoft Visual Studio Solution File, Format Version 10.00
# Visual Studio 2008
Project("{FAE04EC0-301F-11D3-BF4B-00C04F79EFBC}") = "function override 1", "function override 1\function override 1.csproj", "{08EF84B3-B8A2-4EA3-BA44-77468F7896C0}"
EndProject
Global
	GlobalSection(SolutionConfigurationPlatforms) = preSolution
		Debug|Any CPU = Debug|Any CPU
		Release|Any CPU = Release|Any CPU
	EndGlobalSection
	GlobalSection(ProjectConfigurationPlatforms) = postSolution
		{08EF84B3-B8A2-4EA3-BA44-77468F7896C0}.Debug|Any CPU.ActiveCfg = Debug|Any CPU
		{08EF84B3-B8A2-4EA3-BA44-77468F7896C0}.Debug|Any CPU.Build.0 = Debug|Any CPU
		{08EF84B3-B8A2-4EA3-BA44-77468F7896C0}.Release|Any CPU.ActiveCfg = Release|Any CPU
		{08EF84B3-B8A2-4EA3-BA44-77468F7896C0}.Release|Any CPU.Build.0 = Release|Any CPU
	EndGlobalSection
	GlobalSection(SolutionProperties) = preSolution
		HideSolutionNode = FALSE
	EndGlobalSection
EndGlobal
