
Microsoft Visual Studio Solution File, Format Version 10.00
# Visual Studio 2008
Project("{FAE04EC0-301F-11D3-BF4B-00C04F79EFBC}") = "switch sentence", "switch sentence\switch sentence.csproj", "{C892137B-3B68-4D3E-AD26-7FCE77A387EE}"
EndProject
Global
	GlobalSection(SolutionConfigurationPlatforms) = preSolution
		Debug|Any CPU = Debug|Any CPU
		Release|Any CPU = Release|Any CPU
	EndGlobalSection
	GlobalSection(ProjectConfigurationPlatforms) = postSolution
		{C892137B-3B68-4D3E-AD26-7FCE77A387EE}.Debug|Any CPU.ActiveCfg = Debug|Any CPU
		{C892137B-3B68-4D3E-AD26-7FCE77A387EE}.Debug|Any CPU.Build.0 = Debug|Any CPU
		{C892137B-3B68-4D3E-AD26-7FCE77A387EE}.Release|Any CPU.ActiveCfg = Release|Any CPU
		{C892137B-3B68-4D3E-AD26-7FCE77A387EE}.Release|Any CPU.Build.0 = Release|Any CPU
	EndGlobalSection
	GlobalSection(SolutionProperties) = preSolution
		HideSolutionNode = FALSE
	EndGlobalSection
EndGlobal
