
Microsoft Visual Studio Solution File, Format Version 10.00
# Visual Studio 2008
Project("{FAE04EC0-301F-11D3-BF4B-00C04F79EFBC}") = "接口的实现与继承2", "接口的实现与继承2\接口的实现与继承2.csproj", "{F5A642B5-F687-4B2A-8674-EF20B0D4FB72}"
EndProject
Global
	GlobalSection(SolutionConfigurationPlatforms) = preSolution
		Debug|Any CPU = Debug|Any CPU
		Release|Any CPU = Release|Any CPU
	EndGlobalSection
	GlobalSection(ProjectConfigurationPlatforms) = postSolution
		{F5A642B5-F687-4B2A-8674-EF20B0D4FB72}.Debug|Any CPU.ActiveCfg = Debug|Any CPU
		{F5A642B5-F687-4B2A-8674-EF20B0D4FB72}.Debug|Any CPU.Build.0 = Debug|Any CPU
		{F5A642B5-F687-4B2A-8674-EF20B0D4FB72}.Release|Any CPU.ActiveCfg = Release|Any CPU
		{F5A642B5-F687-4B2A-8674-EF20B0D4FB72}.Release|Any CPU.Build.0 = Release|Any CPU
	EndGlobalSection
	GlobalSection(SolutionProperties) = preSolution
		HideSolutionNode = FALSE
	EndGlobalSection
EndGlobal
