
Microsoft Visual Studio Solution File, Format Version 10.00
# Visual Studio 2008
Project("{FAE04EC0-301F-11D3-BF4B-00C04F79EFBC}") = "显式接口成员实现", "显式接口成员实现\显式接口成员实现.csproj", "{C87E5941-6823-49BC-B130-8DEF87F37F20}"
EndProject
Global
	GlobalSection(SolutionConfigurationPlatforms) = preSolution
		Debug|Any CPU = Debug|Any CPU
		Release|Any CPU = Release|Any CPU
	EndGlobalSection
	GlobalSection(ProjectConfigurationPlatforms) = postSolution
		{C87E5941-6823-49BC-B130-8DEF87F37F20}.Debug|Any CPU.ActiveCfg = Debug|Any CPU
		{C87E5941-6823-49BC-B130-8DEF87F37F20}.Debug|Any CPU.Build.0 = Debug|Any CPU
		{C87E5941-6823-49BC-B130-8DEF87F37F20}.Release|Any CPU.ActiveCfg = Release|Any CPU
		{C87E5941-6823-49BC-B130-8DEF87F37F20}.Release|Any CPU.Build.0 = Release|Any CPU
	EndGlobalSection
	GlobalSection(SolutionProperties) = preSolution
		HideSolutionNode = FALSE
	EndGlobalSection
EndGlobal
