
Microsoft Visual Studio Solution File, Format Version 10.00
# Visual Studio 2008
Project("{FAE04EC0-301F-11D3-BF4B-00C04F79EFBC}") = "while circle sentence", "while circle sentence\while circle sentence.csproj", "{025BBDEE-CA0B-4686-9AFE-1475A8B5F7D4}"
EndProject
Global
	GlobalSection(SolutionConfigurationPlatforms) = preSolution
		Debug|Any CPU = Debug|Any CPU
		Release|Any CPU = Release|Any CPU
	EndGlobalSection
	GlobalSection(ProjectConfigurationPlatforms) = postSolution
		{025BBDEE-CA0B-4686-9AFE-1475A8B5F7D4}.Debug|Any CPU.ActiveCfg = Debug|Any CPU
		{025BBDEE-CA0B-4686-9AFE-1475A8B5F7D4}.Debug|Any CPU.Build.0 = Debug|Any CPU
		{025BBDEE-CA0B-4686-9AFE-1475A8B5F7D4}.Release|Any CPU.ActiveCfg = Release|Any CPU
		{025BBDEE-CA0B-4686-9AFE-1475A8B5F7D4}.Release|Any CPU.Build.0 = Release|Any CPU
	EndGlobalSection
	GlobalSection(SolutionProperties) = preSolution
		HideSolutionNode = FALSE
	EndGlobalSection
EndGlobal
