
Microsoft Visual Studio Solution File, Format Version 10.00
# Visual Studio 2008
Project("{FAE04EC0-301F-11D3-BF4B-00C04F79EFBC}") = "decimal", "decimal\decimal.csproj", "{E7E248F2-51C5-4842-B34D-95AAD2BFF512}"
EndProject
Global
	GlobalSection(SolutionConfigurationPlatforms) = preSolution
		Debug|Any CPU = Debug|Any CPU
		Release|Any CPU = Release|Any CPU
	EndGlobalSection
	GlobalSection(ProjectConfigurationPlatforms) = postSolution
		{E7E248F2-51C5-4842-B34D-95AAD2BFF512}.Debug|Any CPU.ActiveCfg = Debug|Any CPU
		{E7E248F2-51C5-4842-B34D-95AAD2BFF512}.Debug|Any CPU.Build.0 = Debug|Any CPU
		{E7E248F2-51C5-4842-B34D-95AAD2BFF512}.Release|Any CPU.ActiveCfg = Release|Any CPU
		{E7E248F2-51C5-4842-B34D-95AAD2BFF512}.Release|Any CPU.Build.0 = Release|Any CPU
	EndGlobalSection
	GlobalSection(SolutionProperties) = preSolution
		HideSolutionNode = FALSE
	EndGlobalSection
EndGlobal
