
Microsoft Visual Studio Solution File, Format Version 10.00
# Visual Studio 2008
Project("{FAE04EC0-301F-11D3-BF4B-00C04F79EFBC}") = "constructed function in baseclass", "constructed function in baseclass\constructed function in baseclass.csproj", "{59E03824-33C7-4300-B782-2999442ECD37}"
EndProject
Global
	GlobalSection(SolutionConfigurationPlatforms) = preSolution
		Debug|Any CPU = Debug|Any CPU
		Release|Any CPU = Release|Any CPU
	EndGlobalSection
	GlobalSection(ProjectConfigurationPlatforms) = postSolution
		{59E03824-33C7-4300-B782-2999442ECD37}.Debug|Any CPU.ActiveCfg = Debug|Any CPU
		{59E03824-33C7-4300-B782-2999442ECD37}.Debug|Any CPU.Build.0 = Debug|Any CPU
		{59E03824-33C7-4300-B782-2999442ECD37}.Release|Any CPU.ActiveCfg = Release|Any CPU
		{59E03824-33C7-4300-B782-2999442ECD37}.Release|Any CPU.Build.0 = Release|Any CPU
	EndGlobalSection
	GlobalSection(SolutionProperties) = preSolution
		HideSolutionNode = FALSE
	EndGlobalSection
EndGlobal
