
Microsoft Visual Studio Solution File, Format Version 10.00
# Visual Studio 2008
Project("{FAE04EC0-301F-11D3-BF4B-00C04F79EFBC}") = "ArrayList元素删除", "ArrayList元素删除\ArrayList元素删除.csproj", "{97D944EF-B4E5-4C59-B686-084ED0886E15}"
EndProject
Global
	GlobalSection(SolutionConfigurationPlatforms) = preSolution
		Debug|Any CPU = Debug|Any CPU
		Release|Any CPU = Release|Any CPU
	EndGlobalSection
	GlobalSection(ProjectConfigurationPlatforms) = postSolution
		{97D944EF-B4E5-4C59-B686-084ED0886E15}.Debug|Any CPU.ActiveCfg = Debug|Any CPU
		{97D944EF-B4E5-4C59-B686-084ED0886E15}.Debug|Any CPU.Build.0 = Debug|Any CPU
		{97D944EF-B4E5-4C59-B686-084ED0886E15}.Release|Any CPU.ActiveCfg = Release|Any CPU
		{97D944EF-B4E5-4C59-B686-084ED0886E15}.Release|Any CPU.Build.0 = Release|Any CPU
	EndGlobalSection
	GlobalSection(SolutionProperties) = preSolution
		HideSolutionNode = FALSE
	EndGlobalSection
EndGlobal
