
Microsoft Visual Studio Solution File, Format Version 10.00
# Visual Studio 2008
Project("{FAE04EC0-301F-11D3-BF4B-00C04F79EFBC}") = "Value 4", "Value 4\Value 4.csproj", "{C66436BD-19BC-48C4-AE00-22642EF228DE}"
EndProject
Global
	GlobalSection(SolutionConfigurationPlatforms) = preSolution
		Debug|Any CPU = Debug|Any CPU
		Release|Any CPU = Release|Any CPU
	EndGlobalSection
	GlobalSection(ProjectConfigurationPlatforms) = postSolution
		{C66436BD-19BC-48C4-AE00-22642EF228DE}.Debug|Any CPU.ActiveCfg = Debug|Any CPU
		{C66436BD-19BC-48C4-AE00-22642EF228DE}.Debug|Any CPU.Build.0 = Debug|Any CPU
		{C66436BD-19BC-48C4-AE00-22642EF228DE}.Release|Any CPU.ActiveCfg = Release|Any CPU
		{C66436BD-19BC-48C4-AE00-22642EF228DE}.Release|Any CPU.Build.0 = Release|Any CPU
	EndGlobalSection
	GlobalSection(SolutionProperties) = preSolution
		HideSolutionNode = FALSE
	EndGlobalSection
EndGlobal
