
Microsoft Visual Studio Solution File, Format Version 10.00
# Visual Studio 2008
Project("{FAE04EC0-301F-11D3-BF4B-00C04F79EFBC}") = "实验2", "实验2\实验2.csproj", "{D56D130D-355A-4EA0-A988-E598E2E829A1}"
EndProject
Global
	GlobalSection(SolutionConfigurationPlatforms) = preSolution
		Debug|Any CPU = Debug|Any CPU
		Release|Any CPU = Release|Any CPU
	EndGlobalSection
	GlobalSection(ProjectConfigurationPlatforms) = postSolution
		{D56D130D-355A-4EA0-A988-E598E2E829A1}.Debug|Any CPU.ActiveCfg = Debug|Any CPU
		{D56D130D-355A-4EA0-A988-E598E2E829A1}.Debug|Any CPU.Build.0 = Debug|Any CPU
		{D56D130D-355A-4EA0-A988-E598E2E829A1}.Release|Any CPU.ActiveCfg = Release|Any CPU
		{D56D130D-355A-4EA0-A988-E598E2E829A1}.Release|Any CPU.Build.0 = Release|Any CPU
	EndGlobalSection
	GlobalSection(SolutionProperties) = preSolution
		HideSolutionNode = FALSE
	EndGlobalSection
EndGlobal
