
Microsoft Visual Studio Solution File, Format Version 10.00
# Visual Studio 2008
Project("{FAE04EC0-301F-11D3-BF4B-00C04F79EFBC}") = "delegate 3", "delegate 3\delegate 3.csproj", "{8804DE6D-8B7B-4D3B-BD83-D86138F59F10}"
EndProject
Global
	GlobalSection(SolutionConfigurationPlatforms) = preSolution
		Debug|Any CPU = Debug|Any CPU
		Release|Any CPU = Release|Any CPU
	EndGlobalSection
	GlobalSection(ProjectConfigurationPlatforms) = postSolution
		{8804DE6D-8B7B-4D3B-BD83-D86138F59F10}.Debug|Any CPU.ActiveCfg = Debug|Any CPU
		{8804DE6D-8B7B-4D3B-BD83-D86138F59F10}.Debug|Any CPU.Build.0 = Debug|Any CPU
		{8804DE6D-8B7B-4D3B-BD83-D86138F59F10}.Release|Any CPU.ActiveCfg = Release|Any CPU
		{8804DE6D-8B7B-4D3B-BD83-D86138F59F10}.Release|Any CPU.Build.0 = Release|Any CPU
	EndGlobalSection
	GlobalSection(SolutionProperties) = preSolution
		HideSolutionNode = FALSE
	EndGlobalSection
EndGlobal
