
Microsoft Visual Studio Solution File, Format Version 10.00
# Visual Studio 2008
Project("{FAE04EC0-301F-11D3-BF4B-00C04F79EFBC}") = "The first program", "The first program\The first program.csproj", "{B8BAB34D-F4E9-47C1-95D1-65DE05DEB551}"
EndProject
Global
	GlobalSection(SolutionConfigurationPlatforms) = preSolution
		Debug|Any CPU = Debug|Any CPU
		Release|Any CPU = Release|Any CPU
	EndGlobalSection
	GlobalSection(ProjectConfigurationPlatforms) = postSolution
		{B8BAB34D-F4E9-47C1-95D1-65DE05DEB551}.Debug|Any CPU.ActiveCfg = Debug|Any CPU
		{B8BAB34D-F4E9-47C1-95D1-65DE05DEB551}.Debug|Any CPU.Build.0 = Debug|Any CPU
		{B8BAB34D-F4E9-47C1-95D1-65DE05DEB551}.Release|Any CPU.ActiveCfg = Release|Any CPU
		{B8BAB34D-F4E9-47C1-95D1-65DE05DEB551}.Release|Any CPU.Build.0 = Release|Any CPU
	EndGlobalSection
	GlobalSection(SolutionProperties) = preSolution
		HideSolutionNode = FALSE
	EndGlobalSection
EndGlobal
