
Microsoft Visual Studio Solution File, Format Version 10.00
# Visual Studio 2008
Project("{FAE04EC0-301F-11D3-BF4B-00C04F79EFBC}") = "MDI窗体", "MDI窗体\MDI窗体.csproj", "{B8996370-0311-49C6-BE47-3CA61235ED4F}"
EndProject
Project("{54435603-DBB4-11D2-8724-00A0C9A8B90C}") = "MDI 安装", "MDI 安装\MDI 安装.vdproj", "{F95D4DC6-767A-4B43-B45F-9A62A6CCDD62}"
EndProject
Global
	GlobalSection(SolutionConfigurationPlatforms) = preSolution
		Debug|Any CPU = Debug|Any CPU
		Release|Any CPU = Release|Any CPU
	EndGlobalSection
	GlobalSection(ProjectConfigurationPlatforms) = postSolution
		{B8996370-0311-49C6-BE47-3CA61235ED4F}.Debug|Any CPU.ActiveCfg = Debug|Any CPU
		{B8996370-0311-49C6-BE47-3CA61235ED4F}.Debug|Any CPU.Build.0 = Debug|Any CPU
		{B8996370-0311-49C6-BE47-3CA61235ED4F}.Release|Any CPU.ActiveCfg = Release|Any CPU
		{B8996370-0311-49C6-BE47-3CA61235ED4F}.Release|Any CPU.Build.0 = Release|Any CPU
		{F95D4DC6-767A-4B43-B45F-9A62A6CCDD62}.Debug|Any CPU.ActiveCfg = Debug
		{F95D4DC6-767A-4B43-B45F-9A62A6CCDD62}.Release|Any CPU.ActiveCfg = Release
	EndGlobalSection
	GlobalSection(SolutionProperties) = preSolution
		HideSolutionNode = FALSE
	EndGlobalSection
EndGlobal
