
Microsoft Visual Studio Solution File, Format Version 10.00
# Visual Studio 2008
Project("{FAE04EC0-301F-11D3-BF4B-00C04F79EFBC}") = "exchange function", "exchange function\exchange function.csproj", "{B577F850-37D9-48B2-892D-5B2ACDD0DFA6}"
EndProject
Global
	GlobalSection(SolutionConfigurationPlatforms) = preSolution
		Debug|Any CPU = Debug|Any CPU
		Release|Any CPU = Release|Any CPU
	EndGlobalSection
	GlobalSection(ProjectConfigurationPlatforms) = postSolution
		{B577F850-37D9-48B2-892D-5B2ACDD0DFA6}.Debug|Any CPU.ActiveCfg = Debug|Any CPU
		{B577F850-37D9-48B2-892D-5B2ACDD0DFA6}.Debug|Any CPU.Build.0 = Debug|Any CPU
		{B577F850-37D9-48B2-892D-5B2ACDD0DFA6}.Release|Any CPU.ActiveCfg = Release|Any CPU
		{B577F850-37D9-48B2-892D-5B2ACDD0DFA6}.Release|Any CPU.Build.0 = Release|Any CPU
	EndGlobalSection
	GlobalSection(SolutionProperties) = preSolution
		HideSolutionNode = FALSE
	EndGlobalSection
EndGlobal
