
Microsoft Visual Studio Solution File, Format Version 10.00
# Visual Studio 2008
Project("{FAE04EC0-301F-11D3-BF4B-00C04F79EFBC}") = "typeof operater", "typeof operater\typeof operater.csproj", "{48C82DCE-CE2B-475C-A211-B4E82D681BFE}"
EndProject
Global
	GlobalSection(SolutionConfigurationPlatforms) = preSolution
		Debug|Any CPU = Debug|Any CPU
		Release|Any CPU = Release|Any CPU
	EndGlobalSection
	GlobalSection(ProjectConfigurationPlatforms) = postSolution
		{48C82DCE-CE2B-475C-A211-B4E82D681BFE}.Debug|Any CPU.ActiveCfg = Debug|Any CPU
		{48C82DCE-CE2B-475C-A211-B4E82D681BFE}.Debug|Any CPU.Build.0 = Debug|Any CPU
		{48C82DCE-CE2B-475C-A211-B4E82D681BFE}.Release|Any CPU.ActiveCfg = Release|Any CPU
		{48C82DCE-CE2B-475C-A211-B4E82D681BFE}.Release|Any CPU.Build.0 = Release|Any CPU
	EndGlobalSection
	GlobalSection(SolutionProperties) = preSolution
		HideSolutionNode = FALSE
	EndGlobalSection
EndGlobal
