
Microsoft Visual Studio Solution File, Format Version 10.00
# Visual Studio 2008
Project("{FAE04EC0-301F-11D3-BF4B-00C04F79EFBC}") = "对象的声明和实例化", "对象的声明和实例化\对象的声明和实例化.csproj", "{01A3C65E-E86E-44B0-A61C-BBB6BDDA3CE5}"
EndProject
Global
	GlobalSection(SolutionConfigurationPlatforms) = preSolution
		Debug|Any CPU = Debug|Any CPU
		Release|Any CPU = Release|Any CPU
	EndGlobalSection
	GlobalSection(ProjectConfigurationPlatforms) = postSolution
		{01A3C65E-E86E-44B0-A61C-BBB6BDDA3CE5}.Debug|Any CPU.ActiveCfg = Debug|Any CPU
		{01A3C65E-E86E-44B0-A61C-BBB6BDDA3CE5}.Debug|Any CPU.Build.0 = Debug|Any CPU
		{01A3C65E-E86E-44B0-A61C-BBB6BDDA3CE5}.Release|Any CPU.ActiveCfg = Release|Any CPU
		{01A3C65E-E86E-44B0-A61C-BBB6BDDA3CE5}.Release|Any CPU.Build.0 = Release|Any CPU
	EndGlobalSection
	GlobalSection(SolutionProperties) = preSolution
		HideSolutionNode = FALSE
	EndGlobalSection
EndGlobal
