
Microsoft Visual Studio Solution File, Format Version 10.00
# Visual Studio 2008
Project("{FAE04EC0-301F-11D3-BF4B-00C04F79EFBC}") = "Hashtable集合", "Hashtable集合\Hashtable集合.csproj", "{4BD4AFF0-D31A-443F-9421-FB88E051B097}"
EndProject
Global
	GlobalSection(SolutionConfigurationPlatforms) = preSolution
		Debug|Any CPU = Debug|Any CPU
		Release|Any CPU = Release|Any CPU
	EndGlobalSection
	GlobalSection(ProjectConfigurationPlatforms) = postSolution
		{4BD4AFF0-D31A-443F-9421-FB88E051B097}.Debug|Any CPU.ActiveCfg = Debug|Any CPU
		{4BD4AFF0-D31A-443F-9421-FB88E051B097}.Debug|Any CPU.Build.0 = Debug|Any CPU
		{4BD4AFF0-D31A-443F-9421-FB88E051B097}.Release|Any CPU.ActiveCfg = Release|Any CPU
		{4BD4AFF0-D31A-443F-9421-FB88E051B097}.Release|Any CPU.Build.0 = Release|Any CPU
	EndGlobalSection
	GlobalSection(SolutionProperties) = preSolution
		HideSolutionNode = FALSE
	EndGlobalSection
EndGlobal
