
Microsoft Visual Studio Solution File, Format Version 10.00
# Visual Studio 2008
Project("{FAE04EC0-301F-11D3-BF4B-00C04F79EFBC}") = "var_Test", "var_Test\var_Test.csproj", "{79224E4B-D347-4F32-998F-AE7713097FE1}"
EndProject
Global
	GlobalSection(SolutionConfigurationPlatforms) = preSolution
		Debug|Any CPU = Debug|Any CPU
		Release|Any CPU = Release|Any CPU
	EndGlobalSection
	GlobalSection(ProjectConfigurationPlatforms) = postSolution
		{79224E4B-D347-4F32-998F-AE7713097FE1}.Debug|Any CPU.ActiveCfg = Debug|Any CPU
		{79224E4B-D347-4F32-998F-AE7713097FE1}.Debug|Any CPU.Build.0 = Debug|Any CPU
		{79224E4B-D347-4F32-998F-AE7713097FE1}.Release|Any CPU.ActiveCfg = Release|Any CPU
		{79224E4B-D347-4F32-998F-AE7713097FE1}.Release|Any CPU.Build.0 = Release|Any CPU
	EndGlobalSection
	GlobalSection(SolutionProperties) = preSolution
		HideSolutionNode = FALSE
	EndGlobalSection
EndGlobal
